{
  "name": "devtools",
  "version": "1.0.0",
  "lockfileVersion": 2,
  "requires": true,
  "packages": {
    "": {
      "name": "devtools",
      "version": "1.0.0",
      "dependencies": {
        "jsonpath-picker-vanilla": "^1.2.4"
      }
    },
    "node_modules/jsonpath-picker-vanilla": {
      "version": "1.2.4",
      "resolved": "https://registry.npmjs.org/jsonpath-picker-vanilla/-/jsonpath-picker-vanilla-1.2.4.tgz",
      "integrity": "sha512-AnqMTklL8T34hbLZeENOwptTfvHGrZk0HahWaHSFgrNQb1UhyGB9fdtWc5YtcmYICBxL/6cXCDx1SudXKM8Lbw=="
    }
  },
  "dependencies": {
    "jsonpath-picker-vanilla": {
      "version": "1.2.4",
      "resolved": "https://registry.npmjs.org/jsonpath-picker-vanilla/-/jsonpath-picker-vanilla-1.2.4.tgz",
      "integrity": "sha512-AnqMTklL8T34hbLZeENOwptTfvHGrZk0HahWaHSFgrNQb1UhyGB9fdtWc5YtcmYICBxL/6cXCDx1SudXKM8Lbw=="
    }
  }
}
